{
    "name": "ql_web",
    "version": "1.0.0",
    "lockfileVersion": 1,
    "requires": true,
    "dependencies": {
        "layui-src": {
            "version": "2.5.5",
            "resolved": "https://registry.npmjs.org/layui-src/-/layui-src-2.5.5.tgz",
            "integrity": "sha512-KFmVoXaHauba3UyTByM+IhyzyZTBD4ytl9Pq5uU0rYKICVSplyFIWU7+whW4lBOhXWxqNK6QGU1iWc1pG2njZw=="
        }
    }
}
